{
  "name": "@objectql/types",
  "version": "4.0.0",
  "lockfileVersion": 3,
  "requires": true,
  "packages": {
    "": {
      "name": "@objectql/types",
      "version": "4.0.0",
      "license": "MIT",
      "dependencies": {
        "@objectstack/runtime": "^0.2.0",
        "@objectstack/spec": "^0.2.0"
      }
    },
    "node_modules/@objectstack/objectql": {
      "version": "0.2.0",
      "resolved": "https://registry.npmjs.org/@objectstack/objectql/-/objectql-0.2.0.tgz",
      "integrity": "sha512-LCgCs+K7J4/rOwJZdXFZgm+zVD936ppRgRVwYn3Uc8xP/JZeFg/DDrhW+O1li3Enwbai2eKMCRB6XYinOhoCAg==",
      "dependencies": {
        "@objectstack/spec": "0.2.0"
      }
    },
    "node_modules/@objectstack/runtime": {
      "version": "0.2.0",
      "resolved": "https://registry.npmjs.org/@objectstack/runtime/-/runtime-0.2.0.tgz",
      "integrity": "sha512-nKDm3HSbGDkpccGKXDXhOr3nvEOgz6cp1j/z74DoreVD/6gIH6PuWPldHJbOVdR/nhPHNV/ViK7tvGmLML2v1A==",
      "dependencies": {
        "@objectstack/objectql": "0.2.0",
        "@objectstack/spec": "0.2.0",
        "@objectstack/types": "0.2.0"
      }
    },
    "node_modules/@objectstack/spec": {
      "version": "0.2.0",
      "resolved": "https://registry.npmjs.org/@objectstack/spec/-/spec-0.2.0.tgz",
      "integrity": "sha512-y4JALcsTgOeEE0xRJ7Co16beQTIO42c6KngFFcy7QQH0BeN4gKgMoqWGkRxPfOKZnnlUzYo/1hSLxmmUtJMisA==",
      "license": "Apache-2.0",
      "dependencies": {
        "zod": "^3.22.4"
      },
      "engines": {
        "node": ">=18.0.0"
      }
    },
    "node_modules/@objectstack/types": {
      "version": "0.2.0",
      "resolved": "https://registry.npmjs.org/@objectstack/types/-/types-0.2.0.tgz",
      "integrity": "sha512-zxZ4vMuVETKgCp19i2lPMP0767fJZ0hXasJbdVrc2RvBa06fCbMCmJWc4bsn21XbyGEMaE/BFlqEXw+F4Gyh9Q==",
      "dependencies": {
        "@objectstack/spec": "0.2.0"
      }
    },
    "node_modules/zod": {
      "version": "3.25.76",
      "resolved": "https://registry.npmjs.org/zod/-/zod-3.25.76.tgz",
      "integrity": "sha512-gzUt/qt81nXsFGKIFcC3YnfEAx5NkunCfnDlvuBSSFS02bcXu4Lmea0AFIUwbLWxWPx3d9p8S5QoaujKcNQxcQ==",
      "license": "MIT",
      "funding": {
        "url": "https://github.com/sponsors/colinhacks"
      }
    }
  }
}
